
Microsoft Visual Studio Solution File, Format Version 12.00
# Visual Studio Version 17
VisualStudioVersion = 17.7.34221.43
MinimumVisualStudioVersion = 10.0.40219.1
Project("{FAE04EC0-301F-11D3-BF4B-00C04F79EFBC}") = "Labb 1", "Labb 1\Labb 1.csproj", "{B46F27EF-E286-44DF-9938-50083326E26A}"
EndProject
Global
	GlobalSection(SolutionConfigurationPlatforms) = preSolution
		Debug|Any CPU = Debug|Any CPU
		Release|Any CPU = Release|Any CPU
	EndGlobalSection
	GlobalSection(ProjectConfigurationPlatforms) = postSolution
		{B46F27EF-E286-44DF-9938-50083326E26A}.Debug|Any CPU.ActiveCfg = Debug|Any CPU
		{B46F27EF-E286-44DF-9938-50083326E26A}.Debug|Any CPU.Build.0 = Debug|Any CPU
		{B46F27EF-E286-44DF-9938-50083326E26A}.Release|Any CPU.ActiveCfg = Release|Any CPU
		{B46F27EF-E286-44DF-9938-50083326E26A}.Release|Any CPU.Build.0 = Release|Any CPU
	EndGlobalSection
	GlobalSection(SolutionProperties) = preSolution
		HideSolutionNode = FALSE
	EndGlobalSection
	GlobalSection(ExtensibilityGlobals) = postSolution
		SolutionGuid = {7A9EF77C-DD8A-402B-9D7E-E1104DE4B6BD}
	EndGlobalSection
EndGlobal
